
Microsoft Visual Studio Solution File, Format Version 12.00
# Visual Studio Version 17
VisualStudioVersion = 17.0.31903.59
MinimumVisualStudioVersion = 10.0.40219.1
Project("{2150E333-8FDC-42A3-9474-1A3956D46DE8}") = "src", "src", "{CD0496CD-0E7A-45D2-9017-9564845E15D8}"
EndProject
Project("{FAE04EC0-301F-11D3-BF4B-00C04F79EFBC}") = "SoulSync.Web", "src\SoulSync.Web\SoulSync.Web.csproj", "{EBEC2378-34D2-401E-AA41-A7E4159E34E4}"
EndProject
Project("{FAE04EC0-301F-11D3-BF4B-00C04F79EFBC}") = "SoulSync.Core", "src\SoulSync.Core\SoulSync.Core.csproj", "{5FD867D7-C231-4E6E-9E9F-5C67CF60FEC5}"
EndProject
Project("{FAE04EC0-301F-11D3-BF4B-00C04F79EFBC}") = "SoulSync.Agents", "src\SoulSync.Agents\SoulSync.Agents.csproj", "{DF583CDD-4D10-4371-8FF5-B5C55515C08F}"
EndProject
Project("{FAE04EC0-301F-11D3-BF4B-00C04F79EFBC}") = "SoulSync.Data", "src\SoulSync.Data\SoulSync.Data.csproj", "{3EB87626-EE33-4A03-96A8-75A0A0858D43}"
EndProject
Project("{FAE04EC0-301F-11D3-BF4B-00C04F79EFBC}") = "SoulSync.Services", "src\SoulSync.Services\SoulSync.Services.csproj", "{5E150E20-30A6-4DF3-9166-58ADC6ED98A6}"
EndProject
Project("{2150E333-8FDC-42A3-9474-1A3956D46DE8}") = "tests", "tests", "{EC041444-4787-4120-A2A9-DD1B9CF91D73}"
EndProject
Project("{FAE04EC0-301F-11D3-BF4B-00C04F79EFBC}") = "SoulSync.Core.Tests", "tests\SoulSync.Core.Tests\SoulSync.Core.Tests.csproj", "{91C9D0C6-1EF2-44A6-A0D2-50BBA59ECA6D}"
EndProject
Project("{FAE04EC0-301F-11D3-BF4B-00C04F79EFBC}") = "SoulSync.Agents.Tests", "tests\SoulSync.Agents.Tests\SoulSync.Agents.Tests.csproj", "{03CBCC9D-3347-4499-BDFB-C4FDB383615F}"
EndProject
Project("{FAE04EC0-301F-11D3-BF4B-00C04F79EFBC}") = "SoulSync.Services.Tests", "tests\SoulSync.Services.Tests\SoulSync.Services.Tests.csproj", "{F712EE94-B4F5-4D28-AE32-4C6EA143E0B4}"
EndProject
Project("{FAE04EC0-301F-11D3-BF4B-00C04F79EFBC}") = "SoulSync.Web.Tests", "tests\SoulSync.Web.Tests\SoulSync.Web.Tests.csproj", "{DD8C3420-073F-4512-BCF4-D04558E81FE8}"
EndProject
Global
	GlobalSection(SolutionConfigurationPlatforms) = preSolution
		Debug|Any CPU = Debug|Any CPU
		Release|Any CPU = Release|Any CPU
	EndGlobalSection
	GlobalSection(SolutionProperties) = preSolution
		HideSolutionNode = FALSE
	EndGlobalSection
	GlobalSection(ProjectConfigurationPlatforms) = postSolution
		{EBEC2378-34D2-401E-AA41-A7E4159E34E4}.Debug|Any CPU.ActiveCfg = Debug|Any CPU
		{EBEC2378-34D2-401E-AA41-A7E4159E34E4}.Debug|Any CPU.Build.0 = Debug|Any CPU
		{EBEC2378-34D2-401E-AA41-A7E4159E34E4}.Release|Any CPU.ActiveCfg = Release|Any CPU
		{EBEC2378-34D2-401E-AA41-A7E4159E34E4}.Release|Any CPU.Build.0 = Release|Any CPU
		{5FD867D7-C231-4E6E-9E9F-5C67CF60FEC5}.Debug|Any CPU.ActiveCfg = Debug|Any CPU
		{5FD867D7-C231-4E6E-9E9F-5C67CF60FEC5}.Debug|Any CPU.Build.0 = Debug|Any CPU
		{5FD867D7-C231-4E6E-9E9F-5C67CF60FEC5}.Release|Any CPU.ActiveCfg = Release|Any CPU
		{5FD867D7-C231-4E6E-9E9F-5C67CF60FEC5}.Release|Any CPU.Build.0 = Release|Any CPU
		{DF583CDD-4D10-4371-8FF5-B5C55515C08F}.Debug|Any CPU.ActiveCfg = Debug|Any CPU
		{DF583CDD-4D10-4371-8FF5-B5C55515C08F}.Debug|Any CPU.Build.0 = Debug|Any CPU
		{DF583CDD-4D10-4371-8FF5-B5C55515C08F}.Release|Any CPU.ActiveCfg = Release|Any CPU
		{DF583CDD-4D10-4371-8FF5-B5C55515C08F}.Release|Any CPU.Build.0 = Release|Any CPU
		{3EB87626-EE33-4A03-96A8-75A0A0858D43}.Debug|Any CPU.ActiveCfg = Debug|Any CPU
		{3EB87626-EE33-4A03-96A8-75A0A0858D43}.Debug|Any CPU.Build.0 = Debug|Any CPU
		{3EB87626-EE33-4A03-96A8-75A0A0858D43}.Release|Any CPU.ActiveCfg = Release|Any CPU
		{3EB87626-EE33-4A03-96A8-75A0A0858D43}.Release|Any CPU.Build.0 = Release|Any CPU
		{5E150E20-30A6-4DF3-9166-58ADC6ED98A6}.Debug|Any CPU.ActiveCfg = Debug|Any CPU
		{5E150E20-30A6-4DF3-9166-58ADC6ED98A6}.Debug|Any CPU.Build.0 = Debug|Any CPU
		{5E150E20-30A6-4DF3-9166-58ADC6ED98A6}.Release|Any CPU.ActiveCfg = Release|Any CPU
		{5E150E20-30A6-4DF3-9166-58ADC6ED98A6}.Release|Any CPU.Build.0 = Release|Any CPU
		{91C9D0C6-1EF2-44A6-A0D2-50BBA59ECA6D}.Debug|Any CPU.ActiveCfg = Debug|Any CPU
		{91C9D0C6-1EF2-44A6-A0D2-50BBA59ECA6D}.Debug|Any CPU.Build.0 = Debug|Any CPU
		{91C9D0C6-1EF2-44A6-A0D2-50BBA59ECA6D}.Release|Any CPU.ActiveCfg = Release|Any CPU
		{91C9D0C6-1EF2-44A6-A0D2-50BBA59ECA6D}.Release|Any CPU.Build.0 = Release|Any CPU
		{03CBCC9D-3347-4499-BDFB-C4FDB383615F}.Debug|Any CPU.ActiveCfg = Debug|Any CPU
		{03CBCC9D-3347-4499-BDFB-C4FDB383615F}.Debug|Any CPU.Build.0 = Debug|Any CPU
		{03CBCC9D-3347-4499-BDFB-C4FDB383615F}.Release|Any CPU.ActiveCfg = Release|Any CPU
		{03CBCC9D-3347-4499-BDFB-C4FDB383615F}.Release|Any CPU.Build.0 = Release|Any CPU
		{F712EE94-B4F5-4D28-AE32-4C6EA143E0B4}.Debug|Any CPU.ActiveCfg = Debug|Any CPU
		{F712EE94-B4F5-4D28-AE32-4C6EA143E0B4}.Debug|Any CPU.Build.0 = Debug|Any CPU
		{F712EE94-B4F5-4D28-AE32-4C6EA143E0B4}.Release|Any CPU.ActiveCfg = Release|Any CPU
		{F712EE94-B4F5-4D28-AE32-4C6EA143E0B4}.Release|Any CPU.Build.0 = Release|Any CPU
		{DD8C3420-073F-4512-BCF4-D04558E81FE8}.Debug|Any CPU.ActiveCfg = Debug|Any CPU
		{DD8C3420-073F-4512-BCF4-D04558E81FE8}.Debug|Any CPU.Build.0 = Debug|Any CPU
		{DD8C3420-073F-4512-BCF4-D04558E81FE8}.Release|Any CPU.ActiveCfg = Release|Any CPU
		{DD8C3420-073F-4512-BCF4-D04558E81FE8}.Release|Any CPU.Build.0 = Release|Any CPU
	EndGlobalSection
	GlobalSection(NestedProjects) = preSolution
		{EBEC2378-34D2-401E-AA41-A7E4159E34E4} = {CD0496CD-0E7A-45D2-9017-9564845E15D8}
		{5FD867D7-C231-4E6E-9E9F-5C67CF60FEC5} = {CD0496CD-0E7A-45D2-9017-9564845E15D8}
		{DF583CDD-4D10-4371-8FF5-B5C55515C08F} = {CD0496CD-0E7A-45D2-9017-9564845E15D8}
		{3EB87626-EE33-4A03-96A8-75A0A0858D43} = {CD0496CD-0E7A-45D2-9017-9564845E15D8}
		{5E150E20-30A6-4DF3-9166-58ADC6ED98A6} = {CD0496CD-0E7A-45D2-9017-9564845E15D8}
		{91C9D0C6-1EF2-44A6-A0D2-50BBA59ECA6D} = {EC041444-4787-4120-A2A9-DD1B9CF91D73}
		{03CBCC9D-3347-4499-BDFB-C4FDB383615F} = {EC041444-4787-4120-A2A9-DD1B9CF91D73}
		{F712EE94-B4F5-4D28-AE32-4C6EA143E0B4} = {EC041444-4787-4120-A2A9-DD1B9CF91D73}
		{DD8C3420-073F-4512-BCF4-D04558E81FE8} = {EC041444-4787-4120-A2A9-DD1B9CF91D73}
	EndGlobalSection
EndGlobal
